// !$*UTF8*$!
{
	archiveVersion = 1;
	classes = {
	};
	objectVersion = 51;
	objects = {

/* Begin PBXBuildFile section */
		8D1CE2FD240E8572006B2C63 /* AppDelegate.swift in Sources */ = {isa = PBXBuildFile; fileRef = 8D1CE2FC240E8572006B2C63 /* AppDelegate.swift */; };
		8D1CE2FF240E8572006B2C63 /* SceneDelegate.swift in Sources */ = {isa = PBXBuildFile; fileRef = 8D1CE2FE240E8572006B2C63 /* SceneDelegate.swift */; };
		8D1CE301240E8572006B2C63 /* ViewController.swift in Sources */ = {isa = PBXBuildFile; fileRef = 8D1CE300240E8572006B2C63 /* ViewController.swift */; };
		8D1CE304240E8572006B2C63 /* Main.storyboard in Resources */ = {isa = PBXBuildFile; fileRef = 8D1CE302240E8572006B2C63 /* Main.storyboard */; };
		8D1CE306240E8574006B2C63 /* Assets.xcassets in Resources */ = {isa = PBXBuildFile; fileRef = 8D1CE305240E8574006B2C63 /* Assets.xcassets */; };
		8D1CE309240E8574006B2C63 /* LaunchScreen.storyboard in Resources */ = {isa = PBXBuildFile; fileRef = 8D1CE307240E8574006B2C63 /* LaunchScreen.storyboard */; };
		DAB274A31A24DDDBF027776C /* Pods_SuperBotSDKExample.framework in Frameworks */ = {isa = PBXBuildFile; fileRef = C7C45ED2C835AA16F09DE3BA /* Pods_SuperBotSDKExample.framework */; };
/* End PBXBuildFile section */

/* Begin PBXFileReference section */
		8D1CE2F9240E8572006B2C63 /* SuperBotSDKExample.app */ = {isa = PBXFileReference; explicitFileType = wrapper.application; includeInIndex = 0; path = SuperBotSDKExample.app; sourceTree = BUILT_PRODUCTS_DIR; };
		8D1CE2FC240E8572006B2C63 /* AppDelegate.swift */ = {isa = PBXFileReference; lastKnownFileType = sourcecode.swift; path = AppDelegate.swift; sourceTree = "<group>"; };
		8D1CE2FE240E8572006B2C63 /* SceneDelegate.swift */ = {isa = PBXFileReference; lastKnownFileType = sourcecode.swift; path = SceneDelegate.swift; sourceTree = "<group>"; };
		8D1CE300240E8572006B2C63 /* ViewController.swift */ = {isa = PBXFileReference; lastKnownFileType = sourcecode.swift; path = ViewController.swift; sourceTree = "<group>"; };
		8D1CE303240E8572006B2C63 /* Base */ = {isa = PBXFileReference; lastKnownFileType = file.storyboard; name = Base; path = Base.lproj/Main.storyboard; sourceTree = "<group>"; };
		8D1CE305240E8574006B2C63 /* Assets.xcassets */ = {isa = PBXFileReference; lastKnownFileType = folder.assetcatalog; path = Assets.xcassets; sourceTree = "<group>"; };
		8D1CE308240E8574006B2C63 /* Base */ = {isa = PBXFileReference; lastKnownFileType = file.storyboard; name = Base; path = Base.lproj/LaunchScreen.storyboard; sourceTree = "<group>"; };
		8D1CE30A240E8574006B2C63 /* Info.plist */ = {isa = PBXFileReference; lastKnownFileType = text.plist.xml; path = Info.plist; sourceTree = "<group>"; };
		A22F457EA6AEF2468BE70855 /* Pods-SuperBotSDKExample.debug.xcconfig */ = {isa = PBXFileReference; includeInIndex = 1; lastKnownFileType = text.xcconfig; name = "Pods-SuperBotSDKExample.debug.xcconfig"; path = "Target Support Files/Pods-SuperBotSDKExample/Pods-SuperBotSDKExample.debug.xcconfig"; sourceTree = "<group>"; };
		C2FB6EE1E5F71CAEE58221EA /* Pods-SuperBotSDKExample.release.xcconfig */ = {isa = PBXFileReference; includeInIndex = 1; lastKnownFileType = text.xcconfig; name = "Pods-SuperBotSDKExample.release.xcconfig"; path = "Target Support Files/Pods-SuperBotSDKExample/Pods-SuperBotSDKExample.release.xcconfig"; sourceTree = "<group>"; };
		C7C45ED2C835AA16F09DE3BA /* Pods_SuperBotSDKExample.framework */ = {isa = PBXFileReference; explicitFileType = wrapper.framework; includeInIndex = 0; path = Pods_SuperBotSDKExample.framework; sourceTree = BUILT_PRODUCTS_DIR; };
/* End PBXFileReference section */

/* Begin PBXFrameworksBuildPhase section */
		8D1CE2F6240E8572006B2C63 /* Frameworks */ = {
			isa = PBXFrameworksBuildPhase;
			buildActionMask = 2147483647;
			files = (
				DAB274A31A24DDDBF027776C /* Pods_SuperBotSDKExample.framework in Frameworks */,
			);
			runOnlyForDeploymentPostprocessing = 0;
		};
/* End PBXFrameworksBuildPhase section */

/* Begin PBXGroup section */
		053CAD832055EB737ECFA39B /* Pods */ = {
			isa = PBXGroup;
			children = (
				A22F457EA6AEF2468BE70855 /* Pods-SuperBotSDKExample.debug.xcconfig */,
				C2FB6EE1E5F71CAEE58221EA /* Pods-SuperBotSDKExample.release.xcconfig */,
			);
			path = Pods;
			sourceTree = "<group>";
		};
		8D1CE2F0240E8572006B2C63 = {
			isa = PBXGroup;
			children = (
				8D1CE2FB240E8572006B2C63 /* SuperBotSDKExample */,
				8D1CE2FA240E8572006B2C63 /* Products */,
				053CAD832055EB737ECFA39B /* Pods */,
				C47BFE02E3DACF3B3B02FFDA /* Frameworks */,
			);
			sourceTree = "<group>";
		};
		8D1CE2FA240E8572006B2C63 /* Products */ = {
			isa = PBXGroup;
			children = (
				8D1CE2F9240E8572006B2C63 /* SuperBotSDKExample.app */,
			);
			name = Products;
			sourceTree = "<group>";
		};
		8D1CE2FB240E8572006B2C63 /* SuperBotSDKExample */ = {
			isa = PBXGroup;
			children = (
				8D1CE2FC240E8572006B2C63 /* AppDelegate.swift */,
				8D1CE2FE240E8572006B2C63 /* SceneDelegate.swift */,
				8D1CE300240E8572006B2C63 /* ViewController.swift */,
				8D1CE302240E8572006B2C63 /* Main.storyboard */,
				8D1CE305240E8574006B2C63 /* Assets.xcassets */,
				8D1CE307240E8574006B2C63 /* LaunchScreen.storyboard */,
				8D1CE30A240E8574006B2C63 /* Info.plist */,
			);
			path = SuperBotSDKExample;
			sourceTree = "<group>";
		};
		C47BFE02E3DACF3B3B02FFDA /* Frameworks */ = {
			isa = PBXGroup;
			children = (
				C7C45ED2C835AA16F09DE3BA /* Pods_SuperBotSDKExample.framework */,
			);
			name = Frameworks;
			sourceTree = "<group>";
		};
/* End PBXGroup section */

/* Begin PBXNativeTarget section */
		8D1CE2F8240E8572006B2C63 /* SuperBotSDKExample */ = {
			isa = PBXNativeTarget;
			buildConfigurationList = 8D1CE30D240E8574006B2C63 /* Build configuration list for PBXNativeTarget "SuperBotSDKExample" */;
			buildPhases = (
				CAB3E45569C7D685872A1EF2 /* [CP] Check Pods Manifest.lock */,
				8D1CE2F5240E8572006B2C63 /* Sources */,
				8D1CE2F6240E8572006B2C63 /* Frameworks */,
				8D1CE2F7240E8572006B2C63 /* Resources */,
				C0BFAC342B9B40A663FFF89F /* [CP] Embed Pods Frameworks */,
			);
			buildRules = (
			);
			dependencies = (
			);
			name = SuperBotSDKExample;
			productName = SuperBotSDKExample;
			productReference = 8D1CE2F9240E8572006B2C63 /* SuperBotSDKExample.app */;
			productType = "com.apple.product-type.application";
		};
/* End PBXNativeTarget section */

/* Begin PBXProject section */
		8D1CE2F1240E8572006B2C63 /* Project object */ = {
			isa = PBXProject;
			attributes = {
				LastSwiftUpdateCheck = 1130;
				LastUpgradeCheck = 1130;
				ORGANIZATIONNAME = "Sandeep Ahuja";
				TargetAttributes = {
					8D1CE2F8240E8572006B2C63 = {
						CreatedOnToolsVersion = 11.3.1;
					};
				};
			};
			buildConfigurationList = 8D1CE2F4240E8572006B2C63 /* Build configuration list for PBXProject "SuperBotSDKExample" */;
			compatibilityVersion = "Xcode 9.3";
			developmentRegion = en;
			hasScannedForEncodings = 0;
			knownRegions = (
				en,
				Base,
			);
			mainGroup = 8D1CE2F0240E8572006B2C63;
			productRefGroup = 8D1CE2FA240E8572006B2C63 /* Products */;
			projectDirPath = "";
			projectRoot = "";
			targets = (
				8D1CE2F8240E8572006B2C63 /* SuperBotSDKExample */,
			);
		};
/* End PBXProject section */

/* Begin PBXResourcesBuildPhase section */
		8D1CE2F7240E8572006B2C63 /* Resources */ = {
			isa = PBXResourcesBuildPhase;
			buildActionMask = 2147483647;
			files = (
				8D1CE309240E8574006B2C63 /* LaunchScreen.storyboard in Resources */,
				8D1CE306240E8574006B2C63 /* Assets.xcassets in Resources */,
				8D1CE304240E8572006B2C63 /* Main.storyboard in Resources */,
			);
			runOnlyForDeploymentPostprocessing = 0;
		};
/* End PBXResourcesBuildPhase section */

/* Begin PBXShellScriptBuildPhase section */
		C0BFAC342B9B40A663FFF89F /* [CP] Embed Pods Frameworks */ = {
			isa = PBXShellScriptBuildPhase;
			buildActionMask = 2147483647;
			files = (
			);
			inputFileListPaths = (
				"${PODS_ROOT}/Target Support Files/Pods-SuperBotSDKExample/Pods-SuperBotSDKExample-frameworks-${CONFIGURATION}-input-files.xcfilelist",
			);
			name = "[CP] Embed Pods Frameworks";
			outputFileListPaths = (
				"${PODS_ROOT}/Target Support Files/Pods-SuperBotSDKExample/Pods-SuperBotSDKExample-frameworks-${CONFIGURATION}-output-files.xcfilelist",
			);
			runOnlyForDeploymentPostprocessing = 0;
			shellPath = /bin/sh;
			shellScript = "\"${PODS_ROOT}/Target Support Files/Pods-SuperBotSDKExample/Pods-SuperBotSDKExample-frameworks.sh\"\n";
			showEnvVarsInLog = 0;
		};
		CAB3E45569C7D685872A1EF2 /* [CP] Check Pods Manifest.lock */ = {
			isa = PBXShellScriptBuildPhase;
			buildActionMask = 2147483647;
			files = (
			);
			inputFileListPaths = (
			);
			inputPaths = (
				"${PODS_PODFILE_DIR_PATH}/Podfile.lock",
				"${PODS_ROOT}/Manifest.lock",
			);
			name = "[CP] Check Pods Manifest.lock";
			outputFileListPaths = (
			);
			outputPaths = (
				"$(DERIVED_FILE_DIR)/Pods-SuperBotSDKExample-checkManifestLockResult.txt",
			);
			runOnlyForDeploymentPostprocessing = 0;
			shellPath = /bin/sh;
			shellScript = "diff \"${PODS_PODFILE_DIR_PATH}/Podfile.lock\" \"${PODS_ROOT}/Manifest.lock\" > /dev/null\nif [ $? != 0 ] ; then\n    # print error to STDERR\n    echo \"error: The sandbox is not in sync with the Podfile.lock. Run 'pod install' or update your CocoaPods installation.\" >&2\n    exit 1\nfi\n# This output is used by Xcode 'outputs' to avoid re-running this script phase.\necho \"SUCCESS\" > \"${SCRIPT_OUTPUT_FILE_0}\"\n";
			showEnvVarsInLog = 0;
		};
/* End PBXShellScriptBuildPhase section */

/* Begin PBXSourcesBuildPhase section */
		8D1CE2F5240E8572006B2C63 /* Sources */ = {
			isa = PBXSourcesBuildPhase;
			buildActionMask = 2147483647;
			files = (
				8D1CE301240E8572006B2C63 /* ViewController.swift in Sources */,
				8D1CE2FD240E8572006B2C63 /* AppDelegate.swift in Sources */,
				8D1CE2FF240E8572006B2C63 /* SceneDelegate.swift in Sources */,
			);
			runOnlyForDeploymentPostprocessing = 0;
		};
/* End PBXSourcesBuildPhase section */

/* Begin PBXVariantGroup section */
		8D1CE302240E8572006B2C63 /* Main.storyboard */ = {
			isa = PBXVariantGroup;
			children = (
				8D1CE303240E8572006B2C63 /* Base */,
			);
			name = Main.storyboard;
			sourceTree = "<group>";
		};
		8D1CE307240E8574006B2C63 /* LaunchScreen.storyboard */ = {
			isa = PBXVariantGroup;
			children = (
				8D1CE308240E8574006B2C63 /* Base */,
			);
			name = LaunchScreen.storyboard;
			sourceTree = "<group>";
		};
/* End PBXVariantGroup section */

/* Begin XCBuildConfiguration section */
		8D1CE30B240E8574006B2C63 /* Debug */ = {
			isa = XCBuildConfiguration;
			buildSettings = {
				ALWAYS_SEARCH_USER_PATHS = NO;
				CLANG_ANALYZER_NONNULL = YES;
				CLANG_ANALYZER_NUMBER_OBJECT_CONVERSION = YES_AGGRESSIVE;
				CLANG_CXX_LANGUAGE_STANDARD = "gnu++14";
				CLANG_CXX_LIBRARY = "libc++";
				CLANG_ENABLE_MODULES = YES;
				CLANG_ENABLE_OBJC_ARC = YES;
				CLANG_ENABLE_OBJC_WEAK = YES;
				CLANG_WARN_BLOCK_CAPTURE_AUTORELEASING = YES;
				CLANG_WARN_BOOL_CONVERSION = YES;
				CLANG_WARN_COMMA = YES;
				CLANG_WARN_CONSTANT_CONVERSION = YES;
				CLANG_WARN_DEPRECATED_OBJC_IMPLEMENTATIONS = YES;
				CLANG_WARN_DIRECT_OBJC_ISA_USAGE = YES_ERROR;
				CLANG_WARN_DOCUMENTATION_COMMENTS = YES;
				CLANG_WARN_EMPTY_BODY = YES;
				CLANG_WARN_ENUM_CONVERSION = YES;
				CLANG_WARN_INFINITE_RECURSION = YES;
				CLANG_WARN_INT_CONVERSION = YES;
				CLANG_WARN_NON_LITERAL_NULL_CONVERSION = YES;
				CLANG_WARN_OBJC_IMPLICIT_RETAIN_SELF = YES;
				CLANG_WARN_OBJC_LITERAL_CONVERSION = YES;
				CLANG_WARN_OBJC_ROOT_CLASS = YES_ERROR;
				CLANG_WARN_RANGE_LOOP_ANALYSIS = YES;
				CLANG_WARN_STRICT_PROTOTYPES = YES;
				CLANG_WARN_SUSPICIOUS_MOVE = YES;
				CLANG_WARN_UNGUARDED_AVAILABILITY = YES_AGGRESSIVE;
				CLANG_WARN_UNREACHABLE_CODE = YES;
				CLANG_WARN__DUPLICATE_METHOD_MATCH = YES;
				COPY_PHASE_STRIP = NO;
				DEBUG_INFORMATION_FORMAT = dwarf;
				ENABLE_STRICT_OBJC_MSGSEND = YES;
				ENABLE_TESTABILITY = YES;
				GCC_C_LANGUAGE_STANDARD = gnu11;
				GCC_DYNAMIC_NO_PIC = NO;
				GCC_NO_COMMON_BLOCKS = YES;
				GCC_OPTIMIZATION_LEVEL = 0;
				GCC_PREPROCESSOR_DEFINITIONS = (
					"DEBUG=1",
					"$(inherited)",
				);
				GCC_WARN_64_TO_32_BIT_CONVERSION = YES;
				GCC_WARN_ABOUT_RETURN_TYPE = YES_ERROR;
				GCC_WARN_UNDECLARED_SELECTOR = YES;
				GCC_WARN_UNINITIALIZED_AUTOS = YES_AGGRESSIVE;
				GCC_WARN_UNUSED_FUNCTION = YES;
				GCC_WARN_UNUSED_VARIABLE = YES;
				IPHONEOS_DEPLOYMENT_TARGET = 9.0;
				MTL_ENABLE_DEBUG_INFO = INCLUDE_SOURCE;
				MTL_FAST_MATH = YES;
				ONLY_ACTIVE_ARCH = YES;
				SDKROOT = iphoneos;
				SWIFT_ACTIVE_COMPILATION_CONDITIONS = DEBUG;
				SWIFT_OPTIMIZATION_LEVEL = "-Onone";
			};
			name = Debug;
		};
		8D1CE30C240E8574006B2C63 /* Release */ = {
			isa = XCBuildConfiguration;
			buildSettings = {
				ALWAYS_SEARCH_USER_PATHS = NO;
				CLANG_ANALYZER_NONNULL = YES;
				CLANG_ANALYZER_NUMBER_OBJECT_CONVERSION = YES_AGGRESSIVE;
				CLANG_CXX_LANGUAGE_STANDARD = "gnu++14";
				CLANG_CXX_LIBRARY = "libc++";
				CLANG_ENABLE_MODULES = YES;
				CLANG_ENABLE_OBJC_ARC = YES;
				CLANG_ENABLE_OBJC_WEAK = YES;
				CLANG_WARN_BLOCK_CAPTURE_AUTORELEASING = YES;
				CLANG_WARN_BOOL_CONVERSION = YES;
				CLANG_WARN_COMMA = YES;
				CLANG_WARN_CONSTANT_CONVERSION = YES;
				CLANG_WARN_DEPRECATED_OBJC_IMPLEMENTATIONS = YES;
				CLANG_WARN_DIRECT_OBJC_ISA_USAGE = YES_ERROR;
				CLANG_WARN_DOCUMENTATION_COMMENTS = YES;
				CLANG_WARN_EMPTY_BODY = YES;
				CLANG_WARN_ENUM_CONVERSION = YES;
				CLANG_WARN_INFINITE_RECURSION = YES;
				CLANG_WARN_INT_CONVERSION = YES;
				CLANG_WARN_NON_LITERAL_NULL_CONVERSION = YES;
				CLANG_WARN_OBJC_IMPLICIT_RETAIN_SELF = YES;
				CLANG_WARN_OBJC_LITERAL_CONVERSION = YES;
				CLANG_WARN_OBJC_ROOT_CLASS = YES_ERROR;
				CLANG_WARN_RANGE_LOOP_ANALYSIS = YES;
				CLANG_WARN_STRICT_PROTOTYPES = YES;
				CLANG_WARN_SUSPICIOUS_MOVE = YES;
				CLANG_WARN_UNGUARDED_AVAILABILITY = YES_AGGRESSIVE;
				CLANG_WARN_UNREACHABLE_CODE = YES;
				CLANG_WARN__DUPLICATE_METHOD_MATCH = YES;
				COPY_PHASE_STRIP = NO;
				DEBUG_INFORMATION_FORMAT = "dwarf-with-dsym";
				ENABLE_NS_ASSERTIONS = NO;
				ENABLE_STRICT_OBJC_MSGSEND = YES;
				GCC_C_LANGUAGE_STANDARD = gnu11;
				GCC_NO_COMMON_BLOCKS = YES;
				GCC_WARN_64_TO_32_BIT_CONVERSION = YES;
				GCC_WARN_ABOUT_RETURN_TYPE = YES_ERROR;
				GCC_WARN_UNDECLARED_SELECTOR = YES;
				GCC_WARN_UNINITIALIZED_AUTOS = YES_AGGRESSIVE;
				GCC_WARN_UNUSED_FUNCTION = YES;
				GCC_WARN_UNUSED_VARIABLE = YES;
				IPHONEOS_DEPLOYMENT_TARGET = 9.0;
				MTL_ENABLE_DEBUG_INFO = NO;
				MTL_FAST_MATH = YES;
				SDKROOT = iphoneos;
				SWIFT_COMPILATION_MODE = wholemodule;
				SWIFT_OPTIMIZATION_LEVEL = "-O";
				VALIDATE_PRODUCT = YES;
			};
			name = Release;
		};
		8D1CE30E240E8574006B2C63 /* Debug */ = {
			isa = XCBuildConfiguration;
			baseConfigurationReference = A22F457EA6AEF2468BE70855 /* Pods-SuperBotSDKExample.debug.xcconfig */;
			buildSettings = {
				ASSETCATALOG_COMPILER_APPICON_NAME = AppIcon;
				CODE_SIGN_STYLE = Automatic;
				DEVELOPMENT_TEAM = F522Y8A5WV;
				INFOPLIST_FILE = SuperBotSDKExample/Info.plist;
				IPHONEOS_DEPLOYMENT_TARGET = 9.0;
				LD_RUNPATH_SEARCH_PATHS = (
					"$(inherited)",
					"@executable_path/Frameworks",
				);
				PRODUCT_BUNDLE_IDENTIFIER = com.xyz.SuperBotSDKExample;
				PRODUCT_NAME = "$(TARGET_NAME)";
				SWIFT_VERSION = 5.0;
				TARGETED_DEVICE_FAMILY = "1,2";
			};
			name = Debug;
		};
		8D1CE30F240E8574006B2C63 /* Release */ = {
			isa = XCBuildConfiguration;
			baseConfigurationReference = C2FB6EE1E5F71CAEE58221EA /* Pods-SuperBotSDKExample.release.xcconfig */;
			buildSettings = {
				ASSETCATALOG_COMPILER_APPICON_NAME = AppIcon;
				CODE_SIGN_STYLE = Automatic;
				DEVELOPMENT_TEAM = F522Y8A5WV;
				INFOPLIST_FILE = SuperBotSDKExample/Info.plist;
				IPHONEOS_DEPLOYMENT_TARGET = 9.0;
				LD_RUNPATH_SEARCH_PATHS = (
					"$(inherited)",
					"@executable_path/Frameworks",
				);
				PRODUCT_BUNDLE_IDENTIFIER = com.xyz.SuperBotSDKExample;
				PRODUCT_NAME = "$(TARGET_NAME)";
				SWIFT_VERSION = 5.0;
				TARGETED_DEVICE_FAMILY = "1,2";
			};
			name = Release;
		};
/* End XCBuildConfiguration section */

/* Begin XCConfigurationList section */
		8D1CE2F4240E8572006B2C63 /* Build configuration list for PBXProject "SuperBotSDKExample" */ = {
			isa = XCConfigurationList;
			buildConfigurations = (
				8D1CE30B240E8574006B2C63 /* Debug */,
				8D1CE30C240E8574006B2C63 /* Release */,
			);
			defaultConfigurationIsVisible = 0;
			defaultConfigurationName = Release;
		};
		8D1CE30D240E8574006B2C63 /* Build configuration list for PBXNativeTarget "SuperBotSDKExample" */ = {
			isa = XCConfigurationList;
			buildConfigurations = (
				8D1CE30E240E8574006B2C63 /* Debug */,
				8D1CE30F240E8574006B2C63 /* Release */,
			);
			defaultConfigurationIsVisible = 0;
			defaultConfigurationName = Release;
		};
/* End XCConfigurationList section */
	};
	rootObject = 8D1CE2F1240E8572006B2C63 /* Project object */;
}
